
Microsoft Visual Studio Solution File, Format Version 12.00
# Visual Studio Version 17
VisualStudioVersion = 17.0.32112.339
MinimumVisualStudioVersion = 10.0.40219.1
Project("{FAE04EC0-301F-11D3-BF4B-00C04F79EFBC}") = "TextBaseCalculator", "TextBaseCalculator\TextBaseCalculator.csproj", "{C395E60D-ACB7-43CF-9893-6379EB43C31C}"
EndProject
Project("{FAE04EC0-301F-11D3-BF4B-00C04F79EFBC}") = "TextBasedCalculatorConsole", "TextBasedCalculatorConsole\TextBasedCalculatorConsole.csproj", "{A2716151-6E5F-49C1-819F-926FC91565DC}"
EndProject
Project("{FAE04EC0-301F-11D3-BF4B-00C04F79EFBC}") = "TextBaseCalculatorTests", "TextBaseCalculatorTests\TextBaseCalculatorTests.csproj", "{B1304DEC-E0A3-42B1-A869-1705BC63BB80}"
EndProject
Global
	GlobalSection(SolutionConfigurationPlatforms) = preSolution
		Debug|Any CPU = Debug|Any CPU
		Release|Any CPU = Release|Any CPU
	EndGlobalSection
	GlobalSection(ProjectConfigurationPlatforms) = postSolution
		{C395E60D-ACB7-43CF-9893-6379EB43C31C}.Debug|Any CPU.ActiveCfg = Debug|Any CPU
		{C395E60D-ACB7-43CF-9893-6379EB43C31C}.Debug|Any CPU.Build.0 = Debug|Any CPU
		{C395E60D-ACB7-43CF-9893-6379EB43C31C}.Release|Any CPU.ActiveCfg = Release|Any CPU
		{C395E60D-ACB7-43CF-9893-6379EB43C31C}.Release|Any CPU.Build.0 = Release|Any CPU
		{A2716151-6E5F-49C1-819F-926FC91565DC}.Debug|Any CPU.ActiveCfg = Debug|Any CPU
		{A2716151-6E5F-49C1-819F-926FC91565DC}.Debug|Any CPU.Build.0 = Debug|Any CPU
		{A2716151-6E5F-49C1-819F-926FC91565DC}.Release|Any CPU.ActiveCfg = Release|Any CPU
		{A2716151-6E5F-49C1-819F-926FC91565DC}.Release|Any CPU.Build.0 = Release|Any CPU
		{B1304DEC-E0A3-42B1-A869-1705BC63BB80}.Debug|Any CPU.ActiveCfg = Debug|Any CPU
		{B1304DEC-E0A3-42B1-A869-1705BC63BB80}.Debug|Any CPU.Build.0 = Debug|Any CPU
		{B1304DEC-E0A3-42B1-A869-1705BC63BB80}.Release|Any CPU.ActiveCfg = Release|Any CPU
		{B1304DEC-E0A3-42B1-A869-1705BC63BB80}.Release|Any CPU.Build.0 = Release|Any CPU
	EndGlobalSection
	GlobalSection(SolutionProperties) = preSolution
		HideSolutionNode = FALSE
	EndGlobalSection
	GlobalSection(ExtensibilityGlobals) = postSolution
		SolutionGuid = {4467F9D1-5522-4094-AA20-A040F894DE07}
	EndGlobalSection
EndGlobal
